
Microsoft Visual Studio Solution File, Format Version 12.00
# Visual Studio Version 17
VisualStudioVersion = 17.5.002.0
MinimumVisualStudioVersion = 10.0.40219.1
Project("{2150E333-8FDC-42A3-9474-1A3956D46DE8}") = "sandbox", "sandbox", "{F88ED0AA-2E5B-4BD3-8C7A-5C58DE350622}"
EndProject
Project("{9A19103F-16F7-4668-BE54-9A1E7A4F7556}") = "sandbox_project", "sandbox\sandbox_project\sandbox_project.csproj", "{E1B9432C-8257-441C-AF3D-0289671C65FB}"
EndProject
Project("{2150E333-8FDC-42A3-9474-1A3956D46DE8}") = "week01", "week01", "{A0137720-B30C-4977-B640-F2C7AC30977E}"
EndProject
Project("{9A19103F-16F7-4668-BE54-9A1E7A4F7556}") = "analyze", "week01\analyze\analyze.csproj", "{F1EA3A1E-0114-41A6-8514-E10B9967B96E}"
EndProject
Project("{9A19103F-16F7-4668-BE54-9A1E7A4F7556}") = "code", "week01\code\code.csproj", "{5E8DB2A3-251B-465B-B3FA-8FD091BFF39A}"
EndProject
Project("{9A19103F-16F7-4668-BE54-9A1E7A4F7556}") = "teach", "week01\teach\teach.csproj", "{5E796640-C3DE-4922-A657-1E999060D159}"
EndProject
Project("{2150E333-8FDC-42A3-9474-1A3956D46DE8}") = "week02", "week02", "{BC20DC61-87D8-4586-B7BF-B504DCFA920A}"
EndProject
Project("{9A19103F-16F7-4668-BE54-9A1E7A4F7556}") = "analyze", "week02\analyze\analyze.csproj", "{575A4664-AECE-4CB9-9051-C4F73723AE43}"
EndProject
Project("{9A19103F-16F7-4668-BE54-9A1E7A4F7556}") = "code", "week02\code\code.csproj", "{48187CBC-D1D0-4E2B-998A-B825EA7BA1D4}"
EndProject
Project("{9A19103F-16F7-4668-BE54-9A1E7A4F7556}") = "learn", "week02\learn\learn.csproj", "{CB006F7C-ECF5-4BAF-BBCC-14E5B8B5B7BB}"
EndProject
Project("{9A19103F-16F7-4668-BE54-9A1E7A4F7556}") = "teach", "week02\teach\teach.csproj", "{F83AAC68-3104-4395-AC6A-23AB1D1B50D4}"
EndProject
Project("{2150E333-8FDC-42A3-9474-1A3956D46DE8}") = "week03", "week03", "{64028195-D31F-47DD-93FC-42DC373A18FE}"
EndProject
Project("{9A19103F-16F7-4668-BE54-9A1E7A4F7556}") = "code", "week03\code\code.csproj", "{DC11B1F5-7607-4BF9-87EF-B48836D34012}"
EndProject
Project("{9A19103F-16F7-4668-BE54-9A1E7A4F7556}") = "learn", "week03\learn\learn.csproj", "{36B6A6CE-C69F-4B61-A213-89FAC4817A8B}"
EndProject
Project("{9A19103F-16F7-4668-BE54-9A1E7A4F7556}") = "teach", "week03\teach\teach.csproj", "{E6345156-0200-4F28-93EB-EF45295A4B29}"
EndProject
Project("{2150E333-8FDC-42A3-9474-1A3956D46DE8}") = "week04", "week04", "{169C550F-F043-4C6A-8F4D-0C79ABA2E459}"
EndProject
Project("{9A19103F-16F7-4668-BE54-9A1E7A4F7556}") = "code", "week04\code\code.csproj", "{B4CC8333-8D1F-4F5B-B9C2-7AA9ED407AC3}"
EndProject
Project("{2150E333-8FDC-42A3-9474-1A3956D46DE8}") = "week05", "week05", "{E9A75E6B-9E16-4BAF-BEB9-00D13F8BEDA6}"
EndProject
Project("{9A19103F-16F7-4668-BE54-9A1E7A4F7556}") = "code", "week05\code\code.csproj", "{A27D67D0-4D9E-473F-8A0E-60C662D9E872}"
EndProject
Project("{2150E333-8FDC-42A3-9474-1A3956D46DE8}") = "week06", "week06", "{5E5C1F63-7EF5-4610-B4F1-04996B599B6A}"
EndProject
Project("{9A19103F-16F7-4668-BE54-9A1E7A4F7556}") = "code", "week06\code\code.csproj", "{87FD7CEC-7322-4D78-AD8F-CA11044902EB}"
EndProject
Global
	GlobalSection(SolutionConfigurationPlatforms) = preSolution
		Debug|Any CPU = Debug|Any CPU
		Release|Any CPU = Release|Any CPU
	EndGlobalSection
	GlobalSection(ProjectConfigurationPlatforms) = postSolution
		{E1B9432C-8257-441C-AF3D-0289671C65FB}.Debug|Any CPU.ActiveCfg = Debug|Any CPU
		{E1B9432C-8257-441C-AF3D-0289671C65FB}.Debug|Any CPU.Build.0 = Debug|Any CPU
		{E1B9432C-8257-441C-AF3D-0289671C65FB}.Release|Any CPU.ActiveCfg = Release|Any CPU
		{E1B9432C-8257-441C-AF3D-0289671C65FB}.Release|Any CPU.Build.0 = Release|Any CPU
		{F1EA3A1E-0114-41A6-8514-E10B9967B96E}.Debug|Any CPU.ActiveCfg = Debug|Any CPU
		{F1EA3A1E-0114-41A6-8514-E10B9967B96E}.Debug|Any CPU.Build.0 = Debug|Any CPU
		{F1EA3A1E-0114-41A6-8514-E10B9967B96E}.Release|Any CPU.ActiveCfg = Release|Any CPU
		{F1EA3A1E-0114-41A6-8514-E10B9967B96E}.Release|Any CPU.Build.0 = Release|Any CPU
		{5E8DB2A3-251B-465B-B3FA-8FD091BFF39A}.Debug|Any CPU.ActiveCfg = Debug|Any CPU
		{5E8DB2A3-251B-465B-B3FA-8FD091BFF39A}.Debug|Any CPU.Build.0 = Debug|Any CPU
		{5E8DB2A3-251B-465B-B3FA-8FD091BFF39A}.Release|Any CPU.ActiveCfg = Release|Any CPU
		{5E8DB2A3-251B-465B-B3FA-8FD091BFF39A}.Release|Any CPU.Build.0 = Release|Any CPU
		{5E796640-C3DE-4922-A657-1E999060D159}.Debug|Any CPU.ActiveCfg = Debug|Any CPU
		{5E796640-C3DE-4922-A657-1E999060D159}.Debug|Any CPU.Build.0 = Debug|Any CPU
		{5E796640-C3DE-4922-A657-1E999060D159}.Release|Any CPU.ActiveCfg = Release|Any CPU
		{5E796640-C3DE-4922-A657-1E999060D159}.Release|Any CPU.Build.0 = Release|Any CPU
		{575A4664-AECE-4CB9-9051-C4F73723AE43}.Debug|Any CPU.ActiveCfg = Debug|Any CPU
		{575A4664-AECE-4CB9-9051-C4F73723AE43}.Debug|Any CPU.Build.0 = Debug|Any CPU
		{575A4664-AECE-4CB9-9051-C4F73723AE43}.Release|Any CPU.ActiveCfg = Release|Any CPU
		{575A4664-AECE-4CB9-9051-C4F73723AE43}.Release|Any CPU.Build.0 = Release|Any CPU
		{48187CBC-D1D0-4E2B-998A-B825EA7BA1D4}.Debug|Any CPU.ActiveCfg = Debug|Any CPU
		{48187CBC-D1D0-4E2B-998A-B825EA7BA1D4}.Debug|Any CPU.Build.0 = Debug|Any CPU
		{48187CBC-D1D0-4E2B-998A-B825EA7BA1D4}.Release|Any CPU.ActiveCfg = Release|Any CPU
		{48187CBC-D1D0-4E2B-998A-B825EA7BA1D4}.Release|Any CPU.Build.0 = Release|Any CPU
		{CB006F7C-ECF5-4BAF-BBCC-14E5B8B5B7BB}.Debug|Any CPU.ActiveCfg = Debug|Any CPU
		{CB006F7C-ECF5-4BAF-BBCC-14E5B8B5B7BB}.Debug|Any CPU.Build.0 = Debug|Any CPU
		{CB006F7C-ECF5-4BAF-BBCC-14E5B8B5B7BB}.Release|Any CPU.ActiveCfg = Release|Any CPU
		{CB006F7C-ECF5-4BAF-BBCC-14E5B8B5B7BB}.Release|Any CPU.Build.0 = Release|Any CPU
		{F83AAC68-3104-4395-AC6A-23AB1D1B50D4}.Debug|Any CPU.ActiveCfg = Debug|Any CPU
		{F83AAC68-3104-4395-AC6A-23AB1D1B50D4}.Debug|Any CPU.Build.0 = Debug|Any CPU
		{F83AAC68-3104-4395-AC6A-23AB1D1B50D4}.Release|Any CPU.ActiveCfg = Release|Any CPU
		{F83AAC68-3104-4395-AC6A-23AB1D1B50D4}.Release|Any CPU.Build.0 = Release|Any CPU
		{DC11B1F5-7607-4BF9-87EF-B48836D34012}.Debug|Any CPU.ActiveCfg = Debug|Any CPU
		{DC11B1F5-7607-4BF9-87EF-B48836D34012}.Debug|Any CPU.Build.0 = Debug|Any CPU
		{DC11B1F5-7607-4BF9-87EF-B48836D34012}.Release|Any CPU.ActiveCfg = Release|Any CPU
		{DC11B1F5-7607-4BF9-87EF-B48836D34012}.Release|Any CPU.Build.0 = Release|Any CPU
		{36B6A6CE-C69F-4B61-A213-89FAC4817A8B}.Debug|Any CPU.ActiveCfg = Debug|Any CPU
		{36B6A6CE-C69F-4B61-A213-89FAC4817A8B}.Debug|Any CPU.Build.0 = Debug|Any CPU
		{36B6A6CE-C69F-4B61-A213-89FAC4817A8B}.Release|Any CPU.ActiveCfg = Release|Any CPU
		{36B6A6CE-C69F-4B61-A213-89FAC4817A8B}.Release|Any CPU.Build.0 = Release|Any CPU
		{E6345156-0200-4F28-93EB-EF45295A4B29}.Debug|Any CPU.ActiveCfg = Debug|Any CPU
		{E6345156-0200-4F28-93EB-EF45295A4B29}.Debug|Any CPU.Build.0 = Debug|Any CPU
		{E6345156-0200-4F28-93EB-EF45295A4B29}.Release|Any CPU.ActiveCfg = Release|Any CPU
		{E6345156-0200-4F28-93EB-EF45295A4B29}.Release|Any CPU.Build.0 = Release|Any CPU
		{B4CC8333-8D1F-4F5B-B9C2-7AA9ED407AC3}.Debug|Any CPU.ActiveCfg = Debug|Any CPU
		{B4CC8333-8D1F-4F5B-B9C2-7AA9ED407AC3}.Debug|Any CPU.Build.0 = Debug|Any CPU
		{B4CC8333-8D1F-4F5B-B9C2-7AA9ED407AC3}.Release|Any CPU.ActiveCfg = Release|Any CPU
		{B4CC8333-8D1F-4F5B-B9C2-7AA9ED407AC3}.Release|Any CPU.Build.0 = Release|Any CPU
		{A27D67D0-4D9E-473F-8A0E-60C662D9E872}.Debug|Any CPU.ActiveCfg = Debug|Any CPU
		{A27D67D0-4D9E-473F-8A0E-60C662D9E872}.Debug|Any CPU.Build.0 = Debug|Any CPU
		{A27D67D0-4D9E-473F-8A0E-60C662D9E872}.Release|Any CPU.ActiveCfg = Release|Any CPU
		{A27D67D0-4D9E-473F-8A0E-60C662D9E872}.Release|Any CPU.Build.0 = Release|Any CPU
		{87FD7CEC-7322-4D78-AD8F-CA11044902EB}.Debug|Any CPU.ActiveCfg = Debug|Any CPU
		{87FD7CEC-7322-4D78-AD8F-CA11044902EB}.Debug|Any CPU.Build.0 = Debug|Any CPU
		{87FD7CEC-7322-4D78-AD8F-CA11044902EB}.Release|Any CPU.ActiveCfg = Release|Any CPU
		{87FD7CEC-7322-4D78-AD8F-CA11044902EB}.Release|Any CPU.Build.0 = Release|Any CPU
	EndGlobalSection
	GlobalSection(SolutionProperties) = preSolution
		HideSolutionNode = FALSE
	EndGlobalSection
	GlobalSection(NestedProjects) = preSolution
		{E1B9432C-8257-441C-AF3D-0289671C65FB} = {F88ED0AA-2E5B-4BD3-8C7A-5C58DE350622}
		{F1EA3A1E-0114-41A6-8514-E10B9967B96E} = {A0137720-B30C-4977-B640-F2C7AC30977E}
		{5E8DB2A3-251B-465B-B3FA-8FD091BFF39A} = {A0137720-B30C-4977-B640-F2C7AC30977E}
		{5E796640-C3DE-4922-A657-1E999060D159} = {A0137720-B30C-4977-B640-F2C7AC30977E}
		{575A4664-AECE-4CB9-9051-C4F73723AE43} = {BC20DC61-87D8-4586-B7BF-B504DCFA920A}
		{48187CBC-D1D0-4E2B-998A-B825EA7BA1D4} = {BC20DC61-87D8-4586-B7BF-B504DCFA920A}
		{CB006F7C-ECF5-4BAF-BBCC-14E5B8B5B7BB} = {BC20DC61-87D8-4586-B7BF-B504DCFA920A}
		{F83AAC68-3104-4395-AC6A-23AB1D1B50D4} = {BC20DC61-87D8-4586-B7BF-B504DCFA920A}
		{DC11B1F5-7607-4BF9-87EF-B48836D34012} = {64028195-D31F-47DD-93FC-42DC373A18FE}
		{36B6A6CE-C69F-4B61-A213-89FAC4817A8B} = {64028195-D31F-47DD-93FC-42DC373A18FE}
		{E6345156-0200-4F28-93EB-EF45295A4B29} = {64028195-D31F-47DD-93FC-42DC373A18FE}
		{B4CC8333-8D1F-4F5B-B9C2-7AA9ED407AC3} = {169C550F-F043-4C6A-8F4D-0C79ABA2E459}
		{A27D67D0-4D9E-473F-8A0E-60C662D9E872} = {E9A75E6B-9E16-4BAF-BEB9-00D13F8BEDA6}
		{87FD7CEC-7322-4D78-AD8F-CA11044902EB} = {5E5C1F63-7EF5-4610-B4F1-04996B599B6A}
	EndGlobalSection
	GlobalSection(ExtensibilityGlobals) = postSolution
		SolutionGuid = {6A2805A4-560C-462F-843B-9339E919731D}
	EndGlobalSection
EndGlobal
